// !$*UTF8*$!
{
	archiveVersion = 1;
	classes = {
	};
	objectVersion = 50;
	objects = {

/* Begin PBXBuildFile section */
		EEB094FC22CC79D0008F054D /* AppDelegate.swift in Sources */ = {isa = PBXBuildFile; fileRef = EEB094FB22CC79D0008F054D /* AppDelegate.swift */; };
		EEB094FE22CC79D0008F054D /* ViewController.swift in Sources */ = {isa = PBXBuildFile; fileRef = EEB094FD22CC79D0008F054D /* ViewController.swift */; };
		EEB0950122CC79D0008F054D /* Main.storyboard in Resources */ = {isa = PBXBuildFile; fileRef = EEB094FF22CC79D0008F054D /* Main.storyboard */; };
		EEB0950422CC79D0008F054D /* Bhaiya_App.xcdatamodeld in Sources */ = {isa = PBXBuildFile; fileRef = EEB0950222CC79D0008F054D /* Bhaiya_App.xcdatamodeld */; };
		EEB0950622CC79D1008F054D /* Assets.xcassets in Resources */ = {isa = PBXBuildFile; fileRef = EEB0950522CC79D1008F054D /* Assets.xcassets */; };
		EEB0950922CC79D1008F054D /* LaunchScreen.storyboard in Resources */ = {isa = PBXBuildFile; fileRef = EEB0950722CC79D1008F054D /* LaunchScreen.storyboard */; };
		EEB0951422CC79D2008F054D /* Bhaiya_AppTests.swift in Sources */ = {isa = PBXBuildFile; fileRef = EEB0951322CC79D2008F054D /* Bhaiya_AppTests.swift */; };
		EEB0951F22CC79D2008F054D /* Bhaiya_AppUITests.swift in Sources */ = {isa = PBXBuildFile; fileRef = EEB0951E22CC79D2008F054D /* Bhaiya_AppUITests.swift */; };
		EEB0952D22CC7BDE008F054D /* TableViewController.swift in Sources */ = {isa = PBXBuildFile; fileRef = EEB0952C22CC7BDE008F054D /* TableViewController.swift */; };
		EEB0952F22CC7C7C008F054D /* TableViewCell.swift in Sources */ = {isa = PBXBuildFile; fileRef = EEB0952E22CC7C7C008F054D /* TableViewCell.swift */; };
		EEB0953122CC8180008F054D /* fan.jpg in Resources */ = {isa = PBXBuildFile; fileRef = EEB0953022CC8180008F054D /* fan.jpg */; };
		EEFF504522CDEE1600741C6F /* PopUpViewController.swift in Sources */ = {isa = PBXBuildFile; fileRef = EEFF504422CDEE1600741C6F /* PopUpViewController.swift */; };
/* End PBXBuildFile section */

/* Begin PBXContainerItemProxy section */
		EEB0951022CC79D2008F054D /* PBXContainerItemProxy */ = {
			isa = PBXContainerItemProxy;
			containerPortal = EEB094F022CC79D0008F054D /* Project object */;
			proxyType = 1;
			remoteGlobalIDString = EEB094F722CC79D0008F054D;
			remoteInfo = "Bhaiya App";
		};
		EEB0951B22CC79D2008F054D /* PBXContainerItemProxy */ = {
			isa = PBXContainerItemProxy;
			containerPortal = EEB094F022CC79D0008F054D /* Project object */;
			proxyType = 1;
			remoteGlobalIDString = EEB094F722CC79D0008F054D;
			remoteInfo = "Bhaiya App";
		};
/* End PBXContainerItemProxy section */

/* Begin PBXFileReference section */
		EEB094F822CC79D0008F054D /* Bhaiya App.app */ = {isa = PBXFileReference; explicitFileType = wrapper.application; includeInIndex = 0; path = "Bhaiya App.app"; sourceTree = BUILT_PRODUCTS_DIR; };
		EEB094FB22CC79D0008F054D /* AppDelegate.swift */ = {isa = PBXFileReference; lastKnownFileType = sourcecode.swift; path = AppDelegate.swift; sourceTree = "<group>"; };
		EEB094FD22CC79D0008F054D /* ViewController.swift */ = {isa = PBXFileReference; lastKnownFileType = sourcecode.swift; path = ViewController.swift; sourceTree = "<group>"; };
		EEB0950022CC79D0008F054D /* Base */ = {isa = PBXFileReference; lastKnownFileType = file.storyboard; name = Base; path = Base.lproj/Main.storyboard; sourceTree = "<group>"; };
		EEB0950322CC79D0008F054D /* Bhaiya_App.xcdatamodel */ = {isa = PBXFileReference; lastKnownFileType = wrapper.xcdatamodel; path = Bhaiya_App.xcdatamodel; sourceTree = "<group>"; };
		EEB0950522CC79D1008F054D /* Assets.xcassets */ = {isa = PBXFileReference; lastKnownFileType = folder.assetcatalog; path = Assets.xcassets; sourceTree = "<group>"; };
		EEB0950822CC79D1008F054D /* Base */ = {isa = PBXFileReference; lastKnownFileType = file.storyboard; name = Base; path = Base.lproj/LaunchScreen.storyboard; sourceTree = "<group>"; };
		EEB0950A22CC79D1008F054D /* Info.plist */ = {isa = PBXFileReference; lastKnownFileType = text.plist.xml; path = Info.plist; sourceTree = "<group>"; };
		EEB0950F22CC79D2008F054D /* Bhaiya AppTests.xctest */ = {isa = PBXFileReference; explicitFileType = wrapper.cfbundle; includeInIndex = 0; path = "Bhaiya AppTests.xctest"; sourceTree = BUILT_PRODUCTS_DIR; };
		EEB0951322CC79D2008F054D /* Bhaiya_AppTests.swift */ = {isa = PBXFileReference; lastKnownFileType = sourcecode.swift; path = Bhaiya_AppTests.swift; sourceTree = "<group>"; };
		EEB0951522CC79D2008F054D /* Info.plist */ = {isa = PBXFileReference; lastKnownFileType = text.plist.xml; path = Info.plist; sourceTree = "<group>"; };
		EEB0951A22CC79D2008F054D /* Bhaiya AppUITests.xctest */ = {isa = PBXFileReference; explicitFileType = wrapper.cfbundle; includeInIndex = 0; path = "Bhaiya AppUITests.xctest"; sourceTree = BUILT_PRODUCTS_DIR; };
		EEB0951E22CC79D2008F054D /* Bhaiya_AppUITests.swift */ = {isa = PBXFileReference; lastKnownFileType = sourcecode.swift; path = Bhaiya_AppUITests.swift; sourceTree = "<group>"; };
		EEB0952022CC79D2008F054D /* Info.plist */ = {isa = PBXFileReference; lastKnownFileType = text.plist.xml; path = Info.plist; sourceTree = "<group>"; };
		EEB0952C22CC7BDE008F054D /* TableViewController.swift */ = {isa = PBXFileReference; lastKnownFileType = sourcecode.swift; path = TableViewController.swift; sourceTree = "<group>"; };
		EEB0952E22CC7C7C008F054D /* TableViewCell.swift */ = {isa = PBXFileReference; lastKnownFileType = sourcecode.swift; path = TableViewCell.swift; sourceTree = "<group>"; };
		EEB0953022CC8180008F054D /* fan.jpg */ = {isa = PBXFileReference; lastKnownFileType = image.jpeg; path = fan.jpg; sourceTree = "<group>"; };
		EEFF504422CDEE1600741C6F /* PopUpViewController.swift */ = {isa = PBXFileReference; lastKnownFileType = sourcecode.swift; path = PopUpViewController.swift; sourceTree = "<group>"; };
/* End PBXFileReference section */

/* Begin PBXFrameworksBuildPhase section */
		EEB094F522CC79D0008F054D /* Frameworks */ = {
			isa = PBXFrameworksBuildPhase;
			buildActionMask = 2147483647;
			files = (
			);
			runOnlyForDeploymentPostprocessing = 0;
		};
		EEB0950C22CC79D2008F054D /* Frameworks */ = {
			isa = PBXFrameworksBuildPhase;
			buildActionMask = 2147483647;
			files = (
			);
			runOnlyForDeploymentPostprocessing = 0;
		};
		EEB0951722CC79D2008F054D /* Frameworks */ = {
			isa = PBXFrameworksBuildPhase;
			buildActionMask = 2147483647;
			files = (
			);
			runOnlyForDeploymentPostprocessing = 0;
		};
/* End PBXFrameworksBuildPhase section */

/* Begin PBXGroup section */
		EEB094EF22CC79D0008F054D = {
			isa = PBXGroup;
			children = (
				EEB094FA22CC79D0008F054D /* Bhaiya App */,
				EEB0951222CC79D2008F054D /* Bhaiya AppTests */,
				EEB0951D22CC79D2008F054D /* Bhaiya AppUITests */,
				EEB094F922CC79D0008F054D /* Products */,
			);
			sourceTree = "<group>";
		};
		EEB094F922CC79D0008F054D /* Products */ = {
			isa = PBXGroup;
			children = (
				EEB094F822CC79D0008F054D /* Bhaiya App.app */,
				EEB0950F22CC79D2008F054D /* Bhaiya AppTests.xctest */,
				EEB0951A22CC79D2008F054D /* Bhaiya AppUITests.xctest */,
			);
			name = Products;
			sourceTree = "<group>";
		};
		EEB094FA22CC79D0008F054D /* Bhaiya App */ = {
			isa = PBXGroup;
			children = (
				EEB094FB22CC79D0008F054D /* AppDelegate.swift */,
				EEB094FD22CC79D0008F054D /* ViewController.swift */,
				EEB094FF22CC79D0008F054D /* Main.storyboard */,
				EEB0950522CC79D1008F054D /* Assets.xcassets */,
				EEB0950722CC79D1008F054D /* LaunchScreen.storyboard */,
				EEB0950A22CC79D1008F054D /* Info.plist */,
				EEB0950222CC79D0008F054D /* Bhaiya_App.xcdatamodeld */,
				EEB0952C22CC7BDE008F054D /* TableViewController.swift */,
				EEB0952E22CC7C7C008F054D /* TableViewCell.swift */,
				EEB0953022CC8180008F054D /* fan.jpg */,
				EEFF504422CDEE1600741C6F /* PopUpViewController.swift */,
			);
			path = "Bhaiya App";
			sourceTree = "<group>";
		};
		EEB0951222CC79D2008F054D /* Bhaiya AppTests */ = {
			isa = PBXGroup;
			children = (
				EEB0951322CC79D2008F054D /* Bhaiya_AppTests.swift */,
				EEB0951522CC79D2008F054D /* Info.plist */,
			);
			path = "Bhaiya AppTests";
			sourceTree = "<group>";
		};
		EEB0951D22CC79D2008F054D /* Bhaiya AppUITests */ = {
			isa = PBXGroup;
			children = (
				EEB0951E22CC79D2008F054D /* Bhaiya_AppUITests.swift */,
				EEB0952022CC79D2008F054D /* Info.plist */,
			);
			path = "Bhaiya AppUITests";
			sourceTree = "<group>";
		};
/* End PBXGroup section */

/* Begin PBXNativeTarget section */
		EEB094F722CC79D0008F054D /* Bhaiya App */ = {
			isa = PBXNativeTarget;
			buildConfigurationList = EEB0952322CC79D2008F054D /* Build configuration list for PBXNativeTarget "Bhaiya App" */;
			buildPhases = (
				EEB094F422CC79D0008F054D /* Sources */,
				EEB094F522CC79D0008F054D /* Frameworks */,
				EEB094F622CC79D0008F054D /* Resources */,
			);
			buildRules = (
			);
			dependencies = (
			);
			name = "Bhaiya App";
			productName = "Bhaiya App";
			productReference = EEB094F822CC79D0008F054D /* Bhaiya App.app */;
			productType = "com.apple.product-type.application";
		};
		EEB0950E22CC79D2008F054D /* Bhaiya AppTests */ = {
			isa = PBXNativeTarget;
			buildConfigurationList = EEB0952622CC79D2008F054D /* Build configuration list for PBXNativeTarget "Bhaiya AppTests" */;
			buildPhases = (
				EEB0950B22CC79D2008F054D /* Sources */,
				EEB0950C22CC79D2008F054D /* Frameworks */,
				EEB0950D22CC79D2008F054D /* Resources */,
			);
			buildRules = (
			);
			dependencies = (
				EEB0951122CC79D2008F054D /* PBXTargetDependency */,
			);
			name = "Bhaiya AppTests";
			productName = "Bhaiya AppTests";
			productReference = EEB0950F22CC79D2008F054D /* Bhaiya AppTests.xctest */;
			productType = "com.apple.product-type.bundle.unit-test";
		};
		EEB0951922CC79D2008F054D /* Bhaiya AppUITests */ = {
			isa = PBXNativeTarget;
			buildConfigurationList = EEB0952922CC79D2008F054D /* Build configuration list for PBXNativeTarget "Bhaiya AppUITests" */;
			buildPhases = (
				EEB0951622CC79D2008F054D /* Sources */,
				EEB0951722CC79D2008F054D /* Frameworks */,
				EEB0951822CC79D2008F054D /* Resources */,
			);
			buildRules = (
			);
			dependencies = (
				EEB0951C22CC79D2008F054D /* PBXTargetDependency */,
			);
			name = "Bhaiya AppUITests";
			productName = "Bhaiya AppUITests";
			productReference = EEB0951A22CC79D2008F054D /* Bhaiya AppUITests.xctest */;
			productType = "com.apple.product-type.bundle.ui-testing";
		};
/* End PBXNativeTarget section */

/* Begin PBXProject section */
		EEB094F022CC79D0008F054D /* Project object */ = {
			isa = PBXProject;
			attributes = {
				LastSwiftUpdateCheck = 1020;
				LastUpgradeCheck = 1020;
				ORGANIZATIONNAME = "Harshit Kumar";
				TargetAttributes = {
					EEB094F722CC79D0008F054D = {
						CreatedOnToolsVersion = 10.2.1;
					};
					EEB0950E22CC79D2008F054D = {
						CreatedOnToolsVersion = 10.2.1;
						TestTargetID = EEB094F722CC79D0008F054D;
					};
					EEB0951922CC79D2008F054D = {
						CreatedOnToolsVersion = 10.2.1;
						TestTargetID = EEB094F722CC79D0008F054D;
					};
				};
			};
			buildConfigurationList = EEB094F322CC79D0008F054D /* Build configuration list for PBXProject "Bhaiya App" */;
			compatibilityVersion = "Xcode 9.3";
			developmentRegion = en;
			hasScannedForEncodings = 0;
			knownRegions = (
				en,
				Base,
			);
			mainGroup = EEB094EF22CC79D0008F054D;
			productRefGroup = EEB094F922CC79D0008F054D /* Products */;
			projectDirPath = "";
			projectRoot = "";
			targets = (
				EEB094F722CC79D0008F054D /* Bhaiya App */,
				EEB0950E22CC79D2008F054D /* Bhaiya AppTests */,
				EEB0951922CC79D2008F054D /* Bhaiya AppUITests */,
			);
		};
/* End PBXProject section */

/* Begin PBXResourcesBuildPhase section */
		EEB094F622CC79D0008F054D /* Resources */ = {
			isa = PBXResourcesBuildPhase;
			buildActionMask = 2147483647;
			files = (
				EEB0950922CC79D1008F054D /* LaunchScreen.storyboard in Resources */,
				EEB0950622CC79D1008F054D /* Assets.xcassets in Resources */,
				EEB0950122CC79D0008F054D /* Main.storyboard in Resources */,
				EEB0953122CC8180008F054D /* fan.jpg in Resources */,
			);
			runOnlyForDeploymentPostprocessing = 0;
		};
		EEB0950D22CC79D2008F054D /* Resources */ = {
			isa = PBXResourcesBuildPhase;
			buildActionMask = 2147483647;
			files = (
			);
			runOnlyForDeploymentPostprocessing = 0;
		};
		EEB0951822CC79D2008F054D /* Resources */ = {
			isa = PBXResourcesBuildPhase;
			buildActionMask = 2147483647;
			files = (
			);
			runOnlyForDeploymentPostprocessing = 0;
		};
/* End PBXResourcesBuildPhase section */

/* Begin PBXSourcesBuildPhase section */
		EEB094F422CC79D0008F054D /* Sources */ = {
			isa = PBXSourcesBuildPhase;
			buildActionMask = 2147483647;
			files = (
				EEB0952F22CC7C7C008F054D /* TableViewCell.swift in Sources */,
				EEFF504522CDEE1600741C6F /* PopUpViewController.swift in Sources */,
				EEB094FE22CC79D0008F054D /* ViewController.swift in Sources */,
				EEB094FC22CC79D0008F054D /* AppDelegate.swift in Sources */,
				EEB0950422CC79D0008F054D /* Bhaiya_App.xcdatamodeld in Sources */,
				EEB0952D22CC7BDE008F054D /* TableViewController.swift in Sources */,
			);
			runOnlyForDeploymentPostprocessing = 0;
		};
		EEB0950B22CC79D2008F054D /* Sources */ = {
			isa = PBXSourcesBuildPhase;
			buildActionMask = 2147483647;
			files = (
				EEB0951422CC79D2008F054D /* Bhaiya_AppTests.swift in Sources */,
			);
			runOnlyForDeploymentPostprocessing = 0;
		};
		EEB0951622CC79D2008F054D /* Sources */ = {
			isa = PBXSourcesBuildPhase;
			buildActionMask = 2147483647;
			files = (
				EEB0951F22CC79D2008F054D /* Bhaiya_AppUITests.swift in Sources */,
			);
			runOnlyForDeploymentPostprocessing = 0;
		};
/* End PBXSourcesBuildPhase section */

/* Begin PBXTargetDependency section */
		EEB0951122CC79D2008F054D /* PBXTargetDependency */ = {
			isa = PBXTargetDependency;
			target = EEB094F722CC79D0008F054D /* Bhaiya App */;
			targetProxy = EEB0951022CC79D2008F054D /* PBXContainerItemProxy */;
		};
		EEB0951C22CC79D2008F054D /* PBXTargetDependency */ = {
			isa = PBXTargetDependency;
			target = EEB094F722CC79D0008F054D /* Bhaiya App */;
			targetProxy = EEB0951B22CC79D2008F054D /* PBXContainerItemProxy */;
		};
/* End PBXTargetDependency section */

/* Begin PBXVariantGroup section */
		EEB094FF22CC79D0008F054D /* Main.storyboard */ = {
			isa = PBXVariantGroup;
			children = (
				EEB0950022CC79D0008F054D /* Base */,
			);
			name = Main.storyboard;
			sourceTree = "<group>";
		};
		EEB0950722CC79D1008F054D /* LaunchScreen.storyboard */ = {
			isa = PBXVariantGroup;
			children = (
				EEB0950822CC79D1008F054D /* Base */,
			);
			name = LaunchScreen.storyboard;
			sourceTree = "<group>";
		};
/* End PBXVariantGroup section */

/* Begin XCBuildConfiguration section */
		EEB0952122CC79D2008F054D /* Debug */ = {
			isa = XCBuildConfiguration;
			buildSettings = {
				ALWAYS_SEARCH_USER_PATHS = NO;
				CLANG_ANALYZER_NONNULL = YES;
				CLANG_ANALYZER_NUMBER_OBJECT_CONVERSION = YES_AGGRESSIVE;
				CLANG_CXX_LANGUAGE_STANDARD = "gnu++14";
				CLANG_CXX_LIBRARY = "libc++";
				CLANG_ENABLE_MODULES = YES;
				CLANG_ENABLE_OBJC_ARC = YES;
				CLANG_ENABLE_OBJC_WEAK = YES;
				CLANG_WARN_BLOCK_CAPTURE_AUTORELEASING = YES;
				CLANG_WARN_BOOL_CONVERSION = YES;
				CLANG_WARN_COMMA = YES;
				CLANG_WARN_CONSTANT_CONVERSION = YES;
				CLANG_WARN_DEPRECATED_OBJC_IMPLEMENTATIONS = YES;
				CLANG_WARN_DIRECT_OBJC_ISA_USAGE = YES_ERROR;
				CLANG_WARN_DOCUMENTATION_COMMENTS = YES;
				CLANG_WARN_EMPTY_BODY = YES;
				CLANG_WARN_ENUM_CONVERSION = YES;
				CLANG_WARN_INFINITE_RECURSION = YES;
				CLANG_WARN_INT_CONVERSION = YES;
				CLANG_WARN_NON_LITERAL_NULL_CONVERSION = YES;
				CLANG_WARN_OBJC_IMPLICIT_RETAIN_SELF = YES;
				CLANG_WARN_OBJC_LITERAL_CONVERSION = YES;
				CLANG_WARN_OBJC_ROOT_CLASS = YES_ERROR;
				CLANG_WARN_RANGE_LOOP_ANALYSIS = YES;
				CLANG_WARN_STRICT_PROTOTYPES = YES;
				CLANG_WARN_SUSPICIOUS_MOVE = YES;
				CLANG_WARN_UNGUARDED_AVAILABILITY = YES_AGGRESSIVE;
				CLANG_WARN_UNREACHABLE_CODE = YES;
				CLANG_WARN__DUPLICATE_METHOD_MATCH = YES;
				CODE_SIGN_IDENTITY = "iPhone Developer: hrsht.dce@gmail.com (7D25CDHCKT)";
				CODE_SIGN_STYLE = Automatic;
				COPY_PHASE_STRIP = NO;
				DEBUG_INFORMATION_FORMAT = dwarf;
				DEVELOPMENT_TEAM = X88UKQ238L;
				ENABLE_STRICT_OBJC_MSGSEND = YES;
				ENABLE_TESTABILITY = YES;
				GCC_C_LANGUAGE_STANDARD = gnu11;
				GCC_DYNAMIC_NO_PIC = NO;
				GCC_NO_COMMON_BLOCKS = YES;
				GCC_OPTIMIZATION_LEVEL = 0;
				GCC_PREPROCESSOR_DEFINITIONS = (
					"DEBUG=1",
					"$(inherited)",
				);
				GCC_WARN_64_TO_32_BIT_CONVERSION = YES;
				GCC_WARN_ABOUT_RETURN_TYPE = YES_ERROR;
				GCC_WARN_UNDECLARED_SELECTOR = YES;
				GCC_WARN_UNINITIALIZED_AUTOS = YES_AGGRESSIVE;
				GCC_WARN_UNUSED_FUNCTION = YES;
				GCC_WARN_UNUSED_VARIABLE = YES;
				IPHONEOS_DEPLOYMENT_TARGET = 9.2;
				MTL_ENABLE_DEBUG_INFO = INCLUDE_SOURCE;
				MTL_FAST_MATH = YES;
				ONLY_ACTIVE_ARCH = YES;
				SDKROOT = iphoneos;
				SWIFT_ACTIVE_COMPILATION_CONDITIONS = DEBUG;
				SWIFT_OPTIMIZATION_LEVEL = "-Onone";
			};
			name = Debug;
		};
		EEB0952222CC79D2008F054D /* Release */ = {
			isa = XCBuildConfiguration;
			buildSettings = {
				ALWAYS_SEARCH_USER_PATHS = NO;
				CLANG_ANALYZER_NONNULL = YES;
				CLANG_ANALYZER_NUMBER_OBJECT_CONVERSION = YES_AGGRESSIVE;
				CLANG_CXX_LANGUAGE_STANDARD = "gnu++14";
				CLANG_CXX_LIBRARY = "libc++";
				CLANG_ENABLE_MODULES = YES;
				CLANG_ENABLE_OBJC_ARC = YES;
				CLANG_ENABLE_OBJC_WEAK = YES;
				CLANG_WARN_BLOCK_CAPTURE_AUTORELEASING = YES;
				CLANG_WARN_BOOL_CONVERSION = YES;
				CLANG_WARN_COMMA = YES;
				CLANG_WARN_CONSTANT_CONVERSION = YES;
				CLANG_WARN_DEPRECATED_OBJC_IMPLEMENTATIONS = YES;
				CLANG_WARN_DIRECT_OBJC_ISA_USAGE = YES_ERROR;
				CLANG_WARN_DOCUMENTATION_COMMENTS = YES;
				CLANG_WARN_EMPTY_BODY = YES;
				CLANG_WARN_ENUM_CONVERSION = YES;
				CLANG_WARN_INFINITE_RECURSION = YES;
				CLANG_WARN_INT_CONVERSION = YES;
				CLANG_WARN_NON_LITERAL_NULL_CONVERSION = YES;
				CLANG_WARN_OBJC_IMPLICIT_RETAIN_SELF = YES;
				CLANG_WARN_OBJC_LITERAL_CONVERSION = YES;
				CLANG_WARN_OBJC_ROOT_CLASS = YES_ERROR;
				CLANG_WARN_RANGE_LOOP_ANALYSIS = YES;
				CLANG_WARN_STRICT_PROTOTYPES = YES;
				CLANG_WARN_SUSPICIOUS_MOVE = YES;
				CLANG_WARN_UNGUARDED_AVAILABILITY = YES_AGGRESSIVE;
				CLANG_WARN_UNREACHABLE_CODE = YES;
				CLANG_WARN__DUPLICATE_METHOD_MATCH = YES;
				CODE_SIGN_IDENTITY = "iPhone Developer: hrsht.dce@gmail.com (7D25CDHCKT)";
				CODE_SIGN_STYLE = Automatic;
				COPY_PHASE_STRIP = NO;
				DEBUG_INFORMATION_FORMAT = "dwarf-with-dsym";
				DEVELOPMENT_TEAM = X88UKQ238L;
				ENABLE_NS_ASSERTIONS = NO;
				ENABLE_STRICT_OBJC_MSGSEND = YES;
				GCC_C_LANGUAGE_STANDARD = gnu11;
				GCC_NO_COMMON_BLOCKS = YES;
				GCC_WARN_64_TO_32_BIT_CONVERSION = YES;
				GCC_WARN_ABOUT_RETURN_TYPE = YES_ERROR;
				GCC_WARN_UNDECLARED_SELECTOR = YES;
				GCC_WARN_UNINITIALIZED_AUTOS = YES_AGGRESSIVE;
				GCC_WARN_UNUSED_FUNCTION = YES;
				GCC_WARN_UNUSED_VARIABLE = YES;
				IPHONEOS_DEPLOYMENT_TARGET = 9.2;
				MTL_ENABLE_DEBUG_INFO = NO;
				MTL_FAST_MATH = YES;
				SDKROOT = iphoneos;
				SWIFT_COMPILATION_MODE = wholemodule;
				SWIFT_OPTIMIZATION_LEVEL = "-O";
				VALIDATE_PRODUCT = YES;
			};
			name = Release;
		};
		EEB0952422CC79D2008F054D /* Debug */ = {
			isa = XCBuildConfiguration;
			buildSettings = {
				ASSETCATALOG_COMPILER_APPICON_NAME = AppIcon;
				CODE_SIGN_IDENTITY = "iPhone Developer";
				CODE_SIGN_INJECT_BASE_ENTITLEMENTS = YES;
				CODE_SIGN_STYLE = Automatic;
				DEVELOPMENT_TEAM = X88UKQ238L;
				INFOPLIST_FILE = "Bhaiya App/Info.plist";
				LD_RUNPATH_SEARCH_PATHS = (
					"$(inherited)",
					"@executable_path/Frameworks",
				);
				PRODUCT_BUNDLE_IDENTIFIER = "com.bhai.Bhaiya-App";
				PRODUCT_NAME = "$(TARGET_NAME)";
				PROVISIONING_PROFILE_SPECIFIER = "";
				SWIFT_VERSION = 5.0;
				TARGETED_DEVICE_FAMILY = "1,2";
			};
			name = Debug;
		};
		EEB0952522CC79D2008F054D /* Release */ = {
			isa = XCBuildConfiguration;
			buildSettings = {
				ASSETCATALOG_COMPILER_APPICON_NAME = AppIcon;
				CODE_SIGN_IDENTITY = "iPhone Developer";
				CODE_SIGN_INJECT_BASE_ENTITLEMENTS = YES;
				CODE_SIGN_STYLE = Automatic;
				DEVELOPMENT_TEAM = X88UKQ238L;
				INFOPLIST_FILE = "Bhaiya App/Info.plist";
				LD_RUNPATH_SEARCH_PATHS = (
					"$(inherited)",
					"@executable_path/Frameworks",
				);
				PRODUCT_BUNDLE_IDENTIFIER = "com.bhai.Bhaiya-App";
				PRODUCT_NAME = "$(TARGET_NAME)";
				PROVISIONING_PROFILE_SPECIFIER = "";
				SWIFT_VERSION = 5.0;
				TARGETED_DEVICE_FAMILY = "1,2";
			};
			name = Release;
		};
		EEB0952722CC79D2008F054D /* Debug */ = {
			isa = XCBuildConfiguration;
			buildSettings = {
				ALWAYS_EMBED_SWIFT_STANDARD_LIBRARIES = YES;
				BUNDLE_LOADER = "$(TEST_HOST)";
				CODE_SIGN_STYLE = Automatic;
				INFOPLIST_FILE = "Bhaiya AppTests/Info.plist";
				LD_RUNPATH_SEARCH_PATHS = (
					"$(inherited)",
					"@executable_path/Frameworks",
					"@loader_path/Frameworks",
				);
				PRODUCT_BUNDLE_IDENTIFIER = "com.bhai.Bhaiya-AppTests";
				PRODUCT_NAME = "$(TARGET_NAME)";
				SWIFT_VERSION = 5.0;
				TARGETED_DEVICE_FAMILY = "1,2";
				TEST_HOST = "$(BUILT_PRODUCTS_DIR)/Bhaiya App.app/Bhaiya App";
			};
			name = Debug;
		};
		EEB0952822CC79D2008F054D /* Release */ = {
			isa = XCBuildConfiguration;
			buildSettings = {
				ALWAYS_EMBED_SWIFT_STANDARD_LIBRARIES = YES;
				BUNDLE_LOADER = "$(TEST_HOST)";
				CODE_SIGN_STYLE = Automatic;
				INFOPLIST_FILE = "Bhaiya AppTests/Info.plist";
				LD_RUNPATH_SEARCH_PATHS = (
					"$(inherited)",
					"@executable_path/Frameworks",
					"@loader_path/Frameworks",
				);
				PRODUCT_BUNDLE_IDENTIFIER = "com.bhai.Bhaiya-AppTests";
				PRODUCT_NAME = "$(TARGET_NAME)";
				SWIFT_VERSION = 5.0;
				TARGETED_DEVICE_FAMILY = "1,2";
				TEST_HOST = "$(BUILT_PRODUCTS_DIR)/Bhaiya App.app/Bhaiya App";
			};
			name = Release;
		};
		EEB0952A22CC79D2008F054D /* Debug */ = {
			isa = XCBuildConfiguration;
			buildSettings = {
				ALWAYS_EMBED_SWIFT_STANDARD_LIBRARIES = YES;
				CODE_SIGN_STYLE = Automatic;
				INFOPLIST_FILE = "Bhaiya AppUITests/Info.plist";
				LD_RUNPATH_SEARCH_PATHS = (
					"$(inherited)",
					"@executable_path/Frameworks",
					"@loader_path/Frameworks",
				);
				PRODUCT_BUNDLE_IDENTIFIER = "com.bhai.Bhaiya-AppUITests";
				PRODUCT_NAME = "$(TARGET_NAME)";
				SWIFT_VERSION = 5.0;
				TARGETED_DEVICE_FAMILY = "1,2";
				TEST_TARGET_NAME = "Bhaiya App";
			};
			name = Debug;
		};
		EEB0952B22CC79D2008F054D /* Release */ = {
			isa = XCBuildConfiguration;
			buildSettings = {
				ALWAYS_EMBED_SWIFT_STANDARD_LIBRARIES = YES;
				CODE_SIGN_STYLE = Automatic;
				INFOPLIST_FILE = "Bhaiya AppUITests/Info.plist";
				LD_RUNPATH_SEARCH_PATHS = (
					"$(inherited)",
					"@executable_path/Frameworks",
					"@loader_path/Frameworks",
				);
				PRODUCT_BUNDLE_IDENTIFIER = "com.bhai.Bhaiya-AppUITests";
				PRODUCT_NAME = "$(TARGET_NAME)";
				SWIFT_VERSION = 5.0;
				TARGETED_DEVICE_FAMILY = "1,2";
				TEST_TARGET_NAME = "Bhaiya App";
			};
			name = Release;
		};
/* End XCBuildConfiguration section */

/* Begin XCConfigurationList section */
		EEB094F322CC79D0008F054D /* Build configuration list for PBXProject "Bhaiya App" */ = {
			isa = XCConfigurationList;
			buildConfigurations = (
				EEB0952122CC79D2008F054D /* Debug */,
				EEB0952222CC79D2008F054D /* Release */,
			);
			defaultConfigurationIsVisible = 0;
			defaultConfigurationName = Release;
		};
		EEB0952322CC79D2008F054D /* Build configuration list for PBXNativeTarget "Bhaiya App" */ = {
			isa = XCConfigurationList;
			buildConfigurations = (
				EEB0952422CC79D2008F054D /* Debug */,
				EEB0952522CC79D2008F054D /* Release */,
			);
			defaultConfigurationIsVisible = 0;
			defaultConfigurationName = Release;
		};
		EEB0952622CC79D2008F054D /* Build configuration list for PBXNativeTarget "Bhaiya AppTests" */ = {
			isa = XCConfigurationList;
			buildConfigurations = (
				EEB0952722CC79D2008F054D /* Debug */,
				EEB0952822CC79D2008F054D /* Release */,
			);
			defaultConfigurationIsVisible = 0;
			defaultConfigurationName = Release;
		};
		EEB0952922CC79D2008F054D /* Build configuration list for PBXNativeTarget "Bhaiya AppUITests" */ = {
			isa = XCConfigurationList;
			buildConfigurations = (
				EEB0952A22CC79D2008F054D /* Debug */,
				EEB0952B22CC79D2008F054D /* Release */,
			);
			defaultConfigurationIsVisible = 0;
			defaultConfigurationName = Release;
		};
/* End XCConfigurationList section */

/* Begin XCVersionGroup section */
		EEB0950222CC79D0008F054D /* Bhaiya_App.xcdatamodeld */ = {
			isa = XCVersionGroup;
			children = (
				EEB0950322CC79D0008F054D /* Bhaiya_App.xcdatamodel */,
			);
			currentVersion = EEB0950322CC79D0008F054D /* Bhaiya_App.xcdatamodel */;
			path = Bhaiya_App.xcdatamodeld;
			sourceTree = "<group>";
			versionGroupType = wrapper.xcdatamodel;
		};
/* End XCVersionGroup section */
	};
	rootObject = EEB094F022CC79D0008F054D /* Project object */;
}
